
Microsoft Visual Studio Solution File, Format Version 12.00
# Visual Studio Version 17
VisualStudioVersion = 17.6.33815.320
MinimumVisualStudioVersion = 10.0.40219.1
Project("{9A19103F-16F7-4668-BE54-9A1E7A4F7556}") = "CommandsService", "CommandsService.csproj", "{4EDBE0C4-585F-41DA-BC54-A7E5CD2B4AB7}"
EndProject
Global
	GlobalSection(SolutionConfigurationPlatforms) = preSolution
		Debug|Any CPU = Debug|Any CPU
		Release|Any CPU = Release|Any CPU
	EndGlobalSection
	GlobalSection(ProjectConfigurationPlatforms) = postSolution
		{4EDBE0C4-585F-41DA-BC54-A7E5CD2B4AB7}.Debug|Any CPU.ActiveCfg = Debug|Any CPU
		{4EDBE0C4-585F-41DA-BC54-A7E5CD2B4AB7}.Debug|Any CPU.Build.0 = Debug|Any CPU
		{4EDBE0C4-585F-41DA-BC54-A7E5CD2B4AB7}.Release|Any CPU.ActiveCfg = Release|Any CPU
		{4EDBE0C4-585F-41DA-BC54-A7E5CD2B4AB7}.Release|Any CPU.Build.0 = Release|Any CPU
	EndGlobalSection
	GlobalSection(SolutionProperties) = preSolution
		HideSolutionNode = FALSE
	EndGlobalSection
	GlobalSection(ExtensibilityGlobals) = postSolution
		SolutionGuid = {9547A53F-D545-4D7A-956A-E892C37EF8C6}
	EndGlobalSection
EndGlobal
